
Microsoft Visual Studio Solution File, Format Version 12.00
# Visual Studio Version 16
VisualStudioVersion = 16.0.31729.503
MinimumVisualStudioVersion = 10.0.40219.1
Project("{FAE04EC0-301F-11D3-BF4B-00C04F79EFBC}") = "Calculate_Result", "Calculate_Result\Calculate_Result.csproj", "{171013FA-7E8B-461D-95AE-BEE200BFDB58}"
EndProject
Global
	GlobalSection(SolutionConfigurationPlatforms) = preSolution
		Debug|Any CPU = Debug|Any CPU
		Release|Any CPU = Release|Any CPU
	EndGlobalSection
	GlobalSection(ProjectConfigurationPlatforms) = postSolution
		{171013FA-7E8B-461D-95AE-BEE200BFDB58}.Debug|Any CPU.ActiveCfg = Debug|Any CPU
		{171013FA-7E8B-461D-95AE-BEE200BFDB58}.Debug|Any CPU.Build.0 = Debug|Any CPU
		{171013FA-7E8B-461D-95AE-BEE200BFDB58}.Release|Any CPU.ActiveCfg = Release|Any CPU
		{171013FA-7E8B-461D-95AE-BEE200BFDB58}.Release|Any CPU.Build.0 = Release|Any CPU
	EndGlobalSection
	GlobalSection(SolutionProperties) = preSolution
		HideSolutionNode = FALSE
	EndGlobalSection
	GlobalSection(ExtensibilityGlobals) = postSolution
		SolutionGuid = {4D5A6EF7-097F-4DD6-83E3-49FB25328FF0}
	EndGlobalSection
EndGlobal
