
Microsoft Visual Studio Solution File, Format Version 12.00
# Visual Studio Version 16
VisualStudioVersion = 16.0.29102.190
MinimumVisualStudioVersion = 10.0.40219.1
Project("{FAE04EC0-301F-11D3-BF4B-00C04F79EFBC}") = "LogicalAssignment", "LogicalAssignment\LogicalAssignment.csproj", "{19AD8F28-AB2C-44F6-98FB-807942C314F2}"
EndProject
Global
	GlobalSection(SolutionConfigurationPlatforms) = preSolution
		Debug|Any CPU = Debug|Any CPU
		Release|Any CPU = Release|Any CPU
	EndGlobalSection
	GlobalSection(ProjectConfigurationPlatforms) = postSolution
		{19AD8F28-AB2C-44F6-98FB-807942C314F2}.Debug|Any CPU.ActiveCfg = Debug|Any CPU
		{19AD8F28-AB2C-44F6-98FB-807942C314F2}.Debug|Any CPU.Build.0 = Debug|Any CPU
		{19AD8F28-AB2C-44F6-98FB-807942C314F2}.Release|Any CPU.ActiveCfg = Release|Any CPU
		{19AD8F28-AB2C-44F6-98FB-807942C314F2}.Release|Any CPU.Build.0 = Release|Any CPU
	EndGlobalSection
	GlobalSection(SolutionProperties) = preSolution
		HideSolutionNode = FALSE
	EndGlobalSection
	GlobalSection(ExtensibilityGlobals) = postSolution
		SolutionGuid = {2399FB3A-8414-4AF0-9680-217C8B7FB85A}
	EndGlobalSection
EndGlobal
