
Microsoft Visual Studio Solution File, Format Version 12.00
# Visual Studio Version 16
VisualStudioVersion = 16.0.31729.503
MinimumVisualStudioVersion = 10.0.40219.1
Project("{FAE04EC0-301F-11D3-BF4B-00C04F79EFBC}") = "Reverse_The_Words_From_Given_String", "Reverse_The_Words_From_Given_String\Reverse_The_Words_From_Given_String.csproj", "{315BF0E9-226F-475E-A4F9-6E5EFCFDB1DF}"
EndProject
Global
	GlobalSection(SolutionConfigurationPlatforms) = preSolution
		Debug|Any CPU = Debug|Any CPU
		Release|Any CPU = Release|Any CPU
	EndGlobalSection
	GlobalSection(ProjectConfigurationPlatforms) = postSolution
		{315BF0E9-226F-475E-A4F9-6E5EFCFDB1DF}.Debug|Any CPU.ActiveCfg = Debug|Any CPU
		{315BF0E9-226F-475E-A4F9-6E5EFCFDB1DF}.Debug|Any CPU.Build.0 = Debug|Any CPU
		{315BF0E9-226F-475E-A4F9-6E5EFCFDB1DF}.Release|Any CPU.ActiveCfg = Release|Any CPU
		{315BF0E9-226F-475E-A4F9-6E5EFCFDB1DF}.Release|Any CPU.Build.0 = Release|Any CPU
	EndGlobalSection
	GlobalSection(SolutionProperties) = preSolution
		HideSolutionNode = FALSE
	EndGlobalSection
	GlobalSection(ExtensibilityGlobals) = postSolution
		SolutionGuid = {D9EEE9B1-C51F-4F41-8F44-81E5D7683EA9}
	EndGlobalSection
EndGlobal
